
Microsoft Visual Studio Solution File, Format Version 12.00
# Visual Studio Version 17
VisualStudioVersion = 17.14.36221.1
MinimumVisualStudioVersion = 10.0.40219.1
Project("{FAE04EC0-301F-11D3-BF4B-00C04F79EFBC}") = "BloggingPlatform.Api", "PersonalBloggingPlatform.Api\BloggingPlatform.Api.csproj", "{14817760-E35D-1F1D-C0F5-2DDA09F4E90E}"
EndProject
Project("{FAE04EC0-301F-11D3-BF4B-00C04F79EFBC}") = "BloggingPlatform.Application", "PersonalBloggingPlatform.Application\BloggingPlatform.Application.csproj", "{7480C4B2-597F-295A-B41C-28ECA866217A}"
EndProject
Project("{FAE04EC0-301F-11D3-BF4B-00C04F79EFBC}") = "BloggingPlatform.Domain", "PersonalBloggingPlatform.Domain\BloggingPlatform.Domain.csproj", "{FC766BD6-5CAA-5B41-1AB7-C2FB7AF4C453}"
EndProject
Project("{FAE04EC0-301F-11D3-BF4B-00C04F79EFBC}") = "Infrastructure", "Infrastructure\Infrastructure.csproj", "{5872AEB3-BAA3-FE31-B0EB-0FB6DBEDCF83}"
EndProject
Project("{FAE04EC0-301F-11D3-BF4B-00C04F79EFBC}") = "Tests", "Tests\Tests.csproj", "{858A5533-7DFD-456C-A2E5-512441FEE79A}"
EndProject
Global
	GlobalSection(SolutionConfigurationPlatforms) = preSolution
		Debug|Any CPU = Debug|Any CPU
		Release|Any CPU = Release|Any CPU
	EndGlobalSection
	GlobalSection(ProjectConfigurationPlatforms) = postSolution
		{14817760-E35D-1F1D-C0F5-2DDA09F4E90E}.Debug|Any CPU.ActiveCfg = Debug|Any CPU
		{14817760-E35D-1F1D-C0F5-2DDA09F4E90E}.Debug|Any CPU.Build.0 = Debug|Any CPU
		{14817760-E35D-1F1D-C0F5-2DDA09F4E90E}.Release|Any CPU.ActiveCfg = Release|Any CPU
		{14817760-E35D-1F1D-C0F5-2DDA09F4E90E}.Release|Any CPU.Build.0 = Release|Any CPU
		{7480C4B2-597F-295A-B41C-28ECA866217A}.Debug|Any CPU.ActiveCfg = Debug|Any CPU
		{7480C4B2-597F-295A-B41C-28ECA866217A}.Debug|Any CPU.Build.0 = Debug|Any CPU
		{7480C4B2-597F-295A-B41C-28ECA866217A}.Release|Any CPU.ActiveCfg = Release|Any CPU
		{7480C4B2-597F-295A-B41C-28ECA866217A}.Release|Any CPU.Build.0 = Release|Any CPU
		{FC766BD6-5CAA-5B41-1AB7-C2FB7AF4C453}.Debug|Any CPU.ActiveCfg = Debug|Any CPU
		{FC766BD6-5CAA-5B41-1AB7-C2FB7AF4C453}.Debug|Any CPU.Build.0 = Debug|Any CPU
		{FC766BD6-5CAA-5B41-1AB7-C2FB7AF4C453}.Release|Any CPU.ActiveCfg = Release|Any CPU
		{FC766BD6-5CAA-5B41-1AB7-C2FB7AF4C453}.Release|Any CPU.Build.0 = Release|Any CPU
		{5872AEB3-BAA3-FE31-B0EB-0FB6DBEDCF83}.Debug|Any CPU.ActiveCfg = Debug|Any CPU
		{5872AEB3-BAA3-FE31-B0EB-0FB6DBEDCF83}.Debug|Any CPU.Build.0 = Debug|Any CPU
		{5872AEB3-BAA3-FE31-B0EB-0FB6DBEDCF83}.Release|Any CPU.ActiveCfg = Release|Any CPU
		{5872AEB3-BAA3-FE31-B0EB-0FB6DBEDCF83}.Release|Any CPU.Build.0 = Release|Any CPU
		{858A5533-7DFD-456C-A2E5-512441FEE79A}.Debug|Any CPU.ActiveCfg = Debug|Any CPU
		{858A5533-7DFD-456C-A2E5-512441FEE79A}.Debug|Any CPU.Build.0 = Debug|Any CPU
		{858A5533-7DFD-456C-A2E5-512441FEE79A}.Release|Any CPU.ActiveCfg = Release|Any CPU
		{858A5533-7DFD-456C-A2E5-512441FEE79A}.Release|Any CPU.Build.0 = Release|Any CPU
	EndGlobalSection
	GlobalSection(SolutionProperties) = preSolution
		HideSolutionNode = FALSE
	EndGlobalSection
	GlobalSection(ExtensibilityGlobals) = postSolution
		SolutionGuid = {29110D90-0AFA-4CC1-A234-324B67488269}
	EndGlobalSection
EndGlobal
